
Microsoft Visual Studio Solution File, Format Version 12.00
# Visual Studio Version 17
VisualStudioVersion = 17.6.33417.168
MinimumVisualStudioVersion = 10.0.40219.1
Project("{FAE04EC0-301F-11D3-BF4B-00C04F79EFBC}") = "PokemonReviewApp", "PokemonReviewApp\PokemonReviewApp.csproj", "{81DAD48C-1098-4A68-A1CC-19B2A1D22E90}"
EndProject
Global
	GlobalSection(SolutionConfigurationPlatforms) = preSolution
		Debug|Any CPU = Debug|Any CPU
		Release|Any CPU = Release|Any CPU
	EndGlobalSection
	GlobalSection(ProjectConfigurationPlatforms) = postSolution
		{81DAD48C-1098-4A68-A1CC-19B2A1D22E90}.Debug|Any CPU.ActiveCfg = Debug|Any CPU
		{81DAD48C-1098-4A68-A1CC-19B2A1D22E90}.Debug|Any CPU.Build.0 = Debug|Any CPU
		{81DAD48C-1098-4A68-A1CC-19B2A1D22E90}.Release|Any CPU.ActiveCfg = Release|Any CPU
		{81DAD48C-1098-4A68-A1CC-19B2A1D22E90}.Release|Any CPU.Build.0 = Release|Any CPU
	EndGlobalSection
	GlobalSection(SolutionProperties) = preSolution
		HideSolutionNode = FALSE
	EndGlobalSection
	GlobalSection(ExtensibilityGlobals) = postSolution
		SolutionGuid = {8326CA21-67FF-4A7D-96D6-A9831D8BE3BE}
	EndGlobalSection
EndGlobal
